<?xml version="1.0" encoding="utf-8"?>
<Project ToolsVersion="4.0" xmlns="http://schemas.microsoft.com/developer/msbuild/2003">
  <ItemGroup>
    <Filter Include="源文件">
      <UniqueIdentifier>{4FC737F1-C7A5-4376-A066-2A32D752A2FF}</UniqueIdentifier>
      <Extensions>cpp;c;cc;cxx;def;odl;idl;hpj;bat;asm;asmx</Extensions>
    </Filter>
    <Filter Include="头文件">
      <UniqueIdentifier>{93995380-89BD-4b04-88EB-625FBE52EBFB}</UniqueIdentifier>
      <Extensions>h;hh;hpp;hxx;hm;inl;inc;xsd</Extensions>
    </Filter>
    <Filter Include="资源文件">
      <UniqueIdentifier>{67DA6AB6-F800-4c08-8B7A-83BB121AAD01}</UniqueIdentifier>
      <Extensions>rc;ico;cur;bmp;dlg;rc2;rct;bin;rgs;gif;jpg;jpeg;jpe;resx;tiff;tif;png;wav;mfcribbon-ms</Extensions>
    </Filter>
    <Filter Include="Net">
      <UniqueIdentifier>{1a903b72-82a4-4f56-afd3-c0d751036be9}</UniqueIdentifier>
    </Filter>
    <Filter Include="Interface">
      <UniqueIdentifier>{5c1973b5-0284-4717-9fae-b1cf0569a0e5}</UniqueIdentifier>
    </Filter>
    <Filter Include="Net\Sever">
      <UniqueIdentifier>{0afe71c7-246a-46b7-a3b6-5a64fccef564}</UniqueIdentifier>
    </Filter>
    <Filter Include="thead">
      <UniqueIdentifier>{3f347a49-d421-4299-8717-b49bb9389e05}</UniqueIdentifier>
    </Filter>
    <Filter Include="Net\Client">
      <UniqueIdentifier>{067fd419-f726-4a34-8c68-d88c9c56ea26}</UniqueIdentifier>
    </Filter>
    <Filter Include="Net\EventBase">
      <UniqueIdentifier>{d8f22076-db64-466c-a1f7-f270bf9322dc}</UniqueIdentifier>
    </Filter>
    <Filter Include="Net\Conntest">
      <UniqueIdentifier>{13df8d85-bad5-40a9-8700-1036845b1a03}</UniqueIdentifier>
    </Filter>
  </ItemGroup>
  <ItemGroup>
    <Text Include="ReadMe.txt" />
  </ItemGroup>
  <ItemGroup>
    <ClInclude Include="stdafx.h">
      <Filter>头文件</Filter>
    </ClInclude>
    <ClInclude Include="targetver.h">
      <Filter>头文件</Filter>
    </ClInclude>
    <ClInclude Include="..\Include\UtilSever.h">
      <Filter>Interface</Filter>
    </ClInclude>
    <ClInclude Include="..\Include\UtilClient.h">
      <Filter>Interface</Filter>
    </ClInclude>
    <ClInclude Include="..\Include\ExportDefine.h">
      <Filter>Interface</Filter>
    </ClInclude>
    <ClInclude Include="SeverMgr.h">
      <Filter>Net\Sever</Filter>
    </ClInclude>
    <ClInclude Include="SeverObj.h">
      <Filter>Net\Sever</Filter>
    </ClInclude>
    <ClInclude Include="ConnectQueue.h">
      <Filter>Net\Sever</Filter>
    </ClInclude>
    <ClInclude Include="ConnObj.h">
      <Filter>Net</Filter>
    </ClInclude>
    <ClInclude Include="ThreadBase.h">
      <Filter>thead</Filter>
    </ClInclude>
    <ClInclude Include="ListenObj.h">
      <Filter>Net\Sever</Filter>
    </ClInclude>
    <ClInclude Include="EventBase.h">
      <Filter>Net\EventBase</Filter>
    </ClInclude>
    <ClInclude Include="EventBaseSever.h">
      <Filter>Net\EventBase</Filter>
    </ClInclude>
    <ClInclude Include="EventBaseConn.h">
      <Filter>Net\EventBase</Filter>
    </ClInclude>
    <ClInclude Include="ClientMgr.h">
      <Filter>Net\Client</Filter>
    </ClInclude>
    <ClInclude Include="ClientObj.h">
      <Filter>Net\Client</Filter>
    </ClInclude>
    <ClInclude Include="..\Include\UtilConnTest.h">
      <Filter>Interface</Filter>
    </ClInclude>
    <ClInclude Include="ConnTestObj.h">
      <Filter>Net\Conntest</Filter>
    </ClInclude>
    <ClInclude Include="ConnTestMgr.h">
      <Filter>Net\Conntest</Filter>
    </ClInclude>
    <ClInclude Include="ThreadMgr.h">
      <Filter>thead</Filter>
    </ClInclude>
  </ItemGroup>
  <ItemGroup>
    <ClCompile Include="stdafx.cpp">
      <Filter>源文件</Filter>
    </ClCompile>
    <ClCompile Include="NetLibevent.cpp">
      <Filter>源文件</Filter>
    </ClCompile>
    <ClCompile Include="dllmain.cpp">
      <Filter>源文件</Filter>
    </ClCompile>
    <ClCompile Include="UtilClient.cpp">
      <Filter>Interface</Filter>
    </ClCompile>
    <ClCompile Include="UtilSever.cpp">
      <Filter>Interface</Filter>
    </ClCompile>
    <ClCompile Include="SeverMgr.cpp">
      <Filter>Net\Sever</Filter>
    </ClCompile>
    <ClCompile Include="SeverObj.cpp">
      <Filter>Net\Sever</Filter>
    </ClCompile>
    <ClCompile Include="ConnectQueue.cpp">
      <Filter>Net\Sever</Filter>
    </ClCompile>
    <ClCompile Include="ConnObj.cpp">
      <Filter>Net</Filter>
    </ClCompile>
    <ClCompile Include="ThreadBase.cpp">
      <Filter>thead</Filter>
    </ClCompile>
    <ClCompile Include="ListenObj.cpp">
      <Filter>Net\Sever</Filter>
    </ClCompile>
    <ClCompile Include="EventBase.cpp">
      <Filter>Net\EventBase</Filter>
    </ClCompile>
    <ClCompile Include="EventBaseSever.cpp">
      <Filter>Net\EventBase</Filter>
    </ClCompile>
    <ClCompile Include="EventBaseConn.cpp">
      <Filter>Net\EventBase</Filter>
    </ClCompile>
    <ClCompile Include="ClientMgr.cpp">
      <Filter>Net\Client</Filter>
    </ClCompile>
    <ClCompile Include="ClientObj.cpp">
      <Filter>Net\Client</Filter>
    </ClCompile>
    <ClCompile Include="UtilConnTest.cpp">
      <Filter>Interface</Filter>
    </ClCompile>
    <ClCompile Include="ConnTestObj.cpp">
      <Filter>Net\Conntest</Filter>
    </ClCompile>
    <ClCompile Include="ConnTestMgr.cpp">
      <Filter>Net\Conntest</Filter>
    </ClCompile>
    <ClCompile Include="ThreadMgr.cpp">
      <Filter>thead</Filter>
    </ClCompile>
  </ItemGroup>
</Project>