<?xml version="1.0" encoding="utf-8"?>
<Project ToolsVersion="4.0" xmlns="http://schemas.microsoft.com/developer/msbuild/2003">
  <ItemGroup>
    <Filter Include="源文件">
      <UniqueIdentifier>{4FC737F1-C7A5-4376-A066-2A32D752A2FF}</UniqueIdentifier>
      <Extensions>cpp;c;cc;cxx;def;odl;idl;hpj;bat;asm;asmx</Extensions>
    </Filter>
    <Filter Include="头文件">
      <UniqueIdentifier>{93995380-89BD-4b04-88EB-625FBE52EBFB}</UniqueIdentifier>
      <Extensions>h;hh;hpp;hxx;hm;inl;inc;xsd</Extensions>
    </Filter>
    <Filter Include="资源文件">
      <UniqueIdentifier>{67DA6AB6-F800-4c08-8B7A-83BB121AAD01}</UniqueIdentifier>
      <Extensions>rc;ico;cur;bmp;dlg;rc2;rct;bin;rgs;gif;jpg;jpeg;jpe;resx;tiff;tif;png;wav;mfcribbon-ms</Extensions>
    </Filter>
    <Filter Include="Interface">
      <UniqueIdentifier>{39864a7d-f8a6-439d-be60-9067061331fc}</UniqueIdentifier>
    </Filter>
    <Filter Include="File">
      <UniqueIdentifier>{bc48ec79-f296-44ed-9964-c5654f4e5a66}</UniqueIdentifier>
    </Filter>
    <Filter Include="Sever">
      <UniqueIdentifier>{c92b7b03-290a-418f-949b-5b4c020149de}</UniqueIdentifier>
    </Filter>
    <Filter Include="Client">
      <UniqueIdentifier>{9b91f60e-cf3c-4294-b9fd-d6a2125f050f}</UniqueIdentifier>
    </Filter>
    <Filter Include="Common">
      <UniqueIdentifier>{21a71b19-697d-4f44-bad0-eae1f614a93c}</UniqueIdentifier>
    </Filter>
    <Filter Include="Sever\Package">
      <UniqueIdentifier>{c8a99654-128a-4c36-9a2e-3ff9c7618900}</UniqueIdentifier>
    </Filter>
    <Filter Include="Sever\File">
      <UniqueIdentifier>{0433713a-908f-4445-8384-c9708cd1a307}</UniqueIdentifier>
    </Filter>
    <Filter Include="Sever\Mgr">
      <UniqueIdentifier>{2a1fbe17-bc7c-4862-8d39-3bc3f096d12d}</UniqueIdentifier>
    </Filter>
    <Filter Include="Client\Socket">
      <UniqueIdentifier>{633c0e6c-ed9b-4179-a9b8-763a5d9b45db}</UniqueIdentifier>
    </Filter>
    <Filter Include="ByteBuf">
      <UniqueIdentifier>{def786d2-06b7-4543-b304-ac2399e20055}</UniqueIdentifier>
    </Filter>
    <Filter Include="Client\Package">
      <UniqueIdentifier>{03a6a539-789b-486f-a992-295121542f4c}</UniqueIdentifier>
    </Filter>
    <Filter Include="Client\File">
      <UniqueIdentifier>{2609e5e2-8d32-44d5-bd17-59d0ac1ffbc1}</UniqueIdentifier>
    </Filter>
    <Filter Include="Client\Check">
      <UniqueIdentifier>{d50b0b9a-8fcc-4365-a3b9-0129a02e5dcb}</UniqueIdentifier>
    </Filter>
    <Filter Include="Lock">
      <UniqueIdentifier>{ab84851a-070e-4af6-b740-5e95da6d6894}</UniqueIdentifier>
    </Filter>
    <Filter Include="Log">
      <UniqueIdentifier>{c5fb085b-51b9-425b-b18f-02ab016fa535}</UniqueIdentifier>
    </Filter>
  </ItemGroup>
  <ItemGroup>
    <Text Include="ReadMe.txt" />
  </ItemGroup>
  <ItemGroup>
    <ClInclude Include="stdafx.h">
      <Filter>头文件</Filter>
    </ClInclude>
    <ClInclude Include="targetver.h">
      <Filter>头文件</Filter>
    </ClInclude>
    <ClInclude Include="TcpClient.h">
      <Filter>Client\Socket</Filter>
    </ClInclude>
    <ClInclude Include="LANFileMgr.h">
      <Filter>File</Filter>
    </ClInclude>
    <ClInclude Include="FileExt.h">
      <Filter>File</Filter>
    </ClInclude>
    <ClInclude Include="Singleton.h">
      <Filter>Common</Filter>
    </ClInclude>
    <ClInclude Include="MsgWndBase.h">
      <Filter>Common</Filter>
    </ClInclude>
    <ClInclude Include="PkgDefine.h">
      <Filter>Common</Filter>
    </ClInclude>
    <ClInclude Include="BaseFile.h">
      <Filter>Common</Filter>
    </ClInclude>
    <ClInclude Include="UtilString.h">
      <Filter>Common</Filter>
    </ClInclude>
    <ClInclude Include="FileSend.h">
      <Filter>Sever\File</Filter>
    </ClInclude>
    <ClInclude Include="FileSeverMgr.h">
      <Filter>Sever\File</Filter>
    </ClInclude>
    <ClInclude Include="PackageSeverMgr.h">
      <Filter>Sever\Package</Filter>
    </ClInclude>
    <ClInclude Include="DecodeBuf.h">
      <Filter>Sever\Package</Filter>
    </ClInclude>
    <ClInclude Include="UtilFileEvent.h">
      <Filter>Sever\File</Filter>
    </ClInclude>
    <ClInclude Include="ClientPakcageMgr.h">
      <Filter>Client\Package</Filter>
    </ClInclude>
    <ClInclude Include="FileRecv.h">
      <Filter>Client\File</Filter>
    </ClInclude>
    <ClInclude Include="FileClientMgr.h">
      <Filter>Client\File</Filter>
    </ClInclude>
    <ClInclude Include="CheckNetMgr.h">
      <Filter>Client\Check</Filter>
    </ClInclude>
    <ClInclude Include="AutoLock.h">
      <Filter>Lock</Filter>
    </ClInclude>
    <ClInclude Include="FileMd5.h">
      <Filter>Common</Filter>
    </ClInclude>
    <ClInclude Include="CodecPkg.h">
      <Filter>ByteBuf</Filter>
    </ClInclude>
    <ClInclude Include="Pkg.h">
      <Filter>ByteBuf</Filter>
    </ClInclude>
    <ClInclude Include="SeverManagement.h">
      <Filter>Sever\Mgr</Filter>
    </ClInclude>
    <ClInclude Include="ClientManagement.h">
      <Filter>Client</Filter>
    </ClInclude>
    <ClInclude Include="FileQueue.h">
      <Filter>Client\File</Filter>
    </ClInclude>
    <ClInclude Include="FileDataJson.h">
      <Filter>Client\File</Filter>
    </ClInclude>
    <ClInclude Include="FileSendQueue.h">
      <Filter>Sever\File</Filter>
    </ClInclude>
    <ClInclude Include="FileSendJsonData.h">
      <Filter>Sever\File</Filter>
    </ClInclude>
    <ClInclude Include="file_open.h">
      <Filter>Common</Filter>
    </ClInclude>
    <ClInclude Include="RapidJson.h">
      <Filter>Common</Filter>
    </ClInclude>
    <ClInclude Include="md5.h">
      <Filter>Common</Filter>
    </ClInclude>
    <ClInclude Include="..\Include\UtilLanFileTrans.h">
      <Filter>Interface</Filter>
    </ClInclude>
    <ClInclude Include="UtilTool.h">
      <Filter>Common</Filter>
    </ClInclude>
    <ClInclude Include="log4z.h">
      <Filter>Log</Filter>
    </ClInclude>
    <ClInclude Include="TimeOut.h">
      <Filter>Common</Filter>
    </ClInclude>
  </ItemGroup>
  <ItemGroup>
    <ClCompile Include="stdafx.cpp">
      <Filter>源文件</Filter>
    </ClCompile>
    <ClCompile Include="LANFileTransfer.cpp">
      <Filter>源文件</Filter>
    </ClCompile>
    <ClCompile Include="dllmain.cpp">
      <Filter>源文件</Filter>
    </ClCompile>
    <ClCompile Include="TcpClient.cpp">
      <Filter>Client\Socket</Filter>
    </ClCompile>
    <ClCompile Include="UtilLanFileTrans.cpp">
      <Filter>Interface</Filter>
    </ClCompile>
    <ClCompile Include="LANFileMgr.cpp">
      <Filter>File</Filter>
    </ClCompile>
    <ClCompile Include="FileExt.cpp">
      <Filter>File</Filter>
    </ClCompile>
    <ClCompile Include="MsgWndBase.cpp">
      <Filter>Common</Filter>
    </ClCompile>
    <ClCompile Include="BaseFile.cpp">
      <Filter>Common</Filter>
    </ClCompile>
    <ClCompile Include="UtilString.cpp">
      <Filter>Common</Filter>
    </ClCompile>
    <ClCompile Include="PackageSeverMgr.cpp">
      <Filter>Sever\Package</Filter>
    </ClCompile>
    <ClCompile Include="FileSend.cpp">
      <Filter>Sever\File</Filter>
    </ClCompile>
    <ClCompile Include="FileSeverMgr.cpp">
      <Filter>Sever\File</Filter>
    </ClCompile>
    <ClCompile Include="DecodeBuf.cpp">
      <Filter>Sever\Package</Filter>
    </ClCompile>
    <ClCompile Include="ClientPakcageMgr.cpp">
      <Filter>Client\Package</Filter>
    </ClCompile>
    <ClCompile Include="FileRecv.cpp">
      <Filter>Client\File</Filter>
    </ClCompile>
    <ClCompile Include="FileClientMgr.cpp">
      <Filter>Client\File</Filter>
    </ClCompile>
    <ClCompile Include="CheckNetMgr.cpp">
      <Filter>Client\Check</Filter>
    </ClCompile>
    <ClCompile Include="AutoLock.cpp">
      <Filter>Lock</Filter>
    </ClCompile>
    <ClCompile Include="FileMd5.cpp">
      <Filter>Common</Filter>
    </ClCompile>
    <ClCompile Include="CodecPkg.cpp">
      <Filter>ByteBuf</Filter>
    </ClCompile>
    <ClCompile Include="Pkg.cpp">
      <Filter>ByteBuf</Filter>
    </ClCompile>
    <ClCompile Include="SeverManagement.cpp">
      <Filter>Sever\Mgr</Filter>
    </ClCompile>
    <ClCompile Include="ClientManagement.cpp">
      <Filter>Client</Filter>
    </ClCompile>
    <ClCompile Include="FileQueue.cpp">
      <Filter>Client\File</Filter>
    </ClCompile>
    <ClCompile Include="FileDataJson.cpp">
      <Filter>Client\File</Filter>
    </ClCompile>
    <ClCompile Include="FileSendQueue.cpp">
      <Filter>Sever\File</Filter>
    </ClCompile>
    <ClCompile Include="FileSendJsonData.cpp">
      <Filter>Sever\File</Filter>
    </ClCompile>
    <ClCompile Include="file_open.cc">
      <Filter>Common</Filter>
    </ClCompile>
    <ClCompile Include="RapidJson.cc">
      <Filter>Common</Filter>
    </ClCompile>
    <ClCompile Include="UtilTool.cpp">
      <Filter>Common</Filter>
    </ClCompile>
    <ClCompile Include="log4z.cc">
      <Filter>Log</Filter>
    </ClCompile>
    <ClCompile Include="TimeOut.cpp">
      <Filter>Common</Filter>
    </ClCompile>
  </ItemGroup>
</Project>